PODS:
  - Alamofire (4.4.0)
  - Gloss (1.2.1)
  - SlackTextViewController (1.9.5)

DEPENDENCIES:
  - Alamofire
  - Gloss
  - SlackTextViewController

SPEC CHECKSUMS:
  Alamofire: dc44b1600b800eb63da6a19039a0083d62a6a62d
  Gloss: 9ab33b8ede01e4232571d43a6bf9259b85d1de69
  SlackTextViewController: fbcdadbb8090673f604484ff5b6eb8d77baed42a

PODFILE CHECKSUM: c76daaf3ad3ae88d9fe75035452ac636f92ebbf5

COCOAPODS: 1.2.0
