PODS:
  - Alamofire (4.4.0)
  - Gloss (1.2.4)
  - QPXExpressWrapper (0.2.2):
    - Gloss (~> 1.2)
  - SlackTextViewController (1.9.5)

DEPENDENCIES:
  - Alamofire
  - Gloss
  - QPXExpressWrapper
  - SlackTextViewController

SPEC CHECKSUMS:
  Alamofire: dc44b1600b800eb63da6a19039a0083d62a6a62d
  Gloss: 4e036074610fdb993abcb958ebcd7332588e2333
  QPXExpressWrapper: bfb5957b40fa10f4fbda272c1d13d726daab3a19
  SlackTextViewController: fbcdadbb8090673f604484ff5b6eb8d77baed42a

PODFILE CHECKSUM: 614949b160f26076969ea844fd307e0d523cdb39

COCOAPODS: 1.2.0
