// !$*UTF8*$!
{
	archiveVersion = 1;
	classes = {
	};
	objectVersion = 46;
	objects = {

/* Begin PBXBuildFile section */
		5A0E2DA21E686E2F00C62229 /* AppDelegate.swift in Sources */ = {isa = PBXBuildFile; fileRef = 5A0E2DA11E686E2F00C62229 /* AppDelegate.swift */; };
		5A0E2DA71E686E2F00C62229 /* Main.storyboard in Resources */ = {isa = PBXBuildFile; fileRef = 5A0E2DA51E686E2F00C62229 /* Main.storyboard */; };
		5A0E2DA91E686E2F00C62229 /* Assets.xcassets in Resources */ = {isa = PBXBuildFile; fileRef = 5A0E2DA81E686E2F00C62229 /* Assets.xcassets */; };
		5A0E2DAC1E686E2F00C62229 /* LaunchScreen.storyboard in Resources */ = {isa = PBXBuildFile; fileRef = 5A0E2DAA1E686E2F00C62229 /* LaunchScreen.storyboard */; };
		5A0E2DB41E686F1700C62229 /* MessageViewController.swift in Sources */ = {isa = PBXBuildFile; fileRef = 5A0E2DB31E686F1700C62229 /* MessageViewController.swift */; };
		5A0E2DB61E6876B300C62229 /* MessageCell.swift in Sources */ = {isa = PBXBuildFile; fileRef = 5A0E2DB51E6876B300C62229 /* MessageCell.swift */; };
		5A0E2DB81E6876CF00C62229 /* MessageCell.xib in Resources */ = {isa = PBXBuildFile; fileRef = 5A0E2DB71E6876CF00C62229 /* MessageCell.xib */; };
		5A0E2DBB1E687B8500C62229 /* Message.swift in Sources */ = {isa = PBXBuildFile; fileRef = 5A0E2DBA1E687B8500C62229 /* Message.swift */; };
		5A0E2DBE1E68BA3200C62229 /* MessageResponse.swift in Sources */ = {isa = PBXBuildFile; fileRef = 5A0E2DBD1E68BA3200C62229 /* MessageResponse.swift */; };
		5A0E2DC01E68BA6B00C62229 /* MessageInput.swift in Sources */ = {isa = PBXBuildFile; fileRef = 5A0E2DBF1E68BA6B00C62229 /* MessageInput.swift */; };
		5A0E2DC21E68BAC500C62229 /* RuntimeIntent.swift in Sources */ = {isa = PBXBuildFile; fileRef = 5A0E2DC11E68BAC500C62229 /* RuntimeIntent.swift */; };
		5A0E2DC41E68BB5400C62229 /* RuntimeEntity.swift in Sources */ = {isa = PBXBuildFile; fileRef = 5A0E2DC31E68BB5400C62229 /* RuntimeEntity.swift */; };
		5A0E2DC61E68BBAE00C62229 /* RuntimeContext.swift in Sources */ = {isa = PBXBuildFile; fileRef = 5A0E2DC51E68BBAE00C62229 /* RuntimeContext.swift */; };
		5A0E2DC81E68BC1300C62229 /* RuntimeOutput.swift in Sources */ = {isa = PBXBuildFile; fileRef = 5A0E2DC71E68BC1300C62229 /* RuntimeOutput.swift */; };
		5A0E2DCB1E68BE6900C62229 /* RuntimeSystemContext.swift in Sources */ = {isa = PBXBuildFile; fileRef = 5A0E2DCA1E68BE6900C62229 /* RuntimeSystemContext.swift */; };
		5A0E2DCD1E68BE8F00C62229 /* RuntimeDialogStack.swift in Sources */ = {isa = PBXBuildFile; fileRef = 5A0E2DCC1E68BE8F00C62229 /* RuntimeDialogStack.swift */; };
		5A0E2DCF1E68BEE400C62229 /* RuntimeLogMessage.swift in Sources */ = {isa = PBXBuildFile; fileRef = 5A0E2DCE1E68BEE400C62229 /* RuntimeLogMessage.swift */; };
		CEACFD6DE05E454B00B7C910 /* Pods_ChatBot.framework in Frameworks */ = {isa = PBXBuildFile; fileRef = 80AF3AD1DB90DE2793D8EB3B /* Pods_ChatBot.framework */; };
/* End PBXBuildFile section */

/* Begin PBXFileReference section */
		5A0E2D9E1E686E2F00C62229 /* ChatBot.app */ = {isa = PBXFileReference; explicitFileType = wrapper.application; includeInIndex = 0; path = ChatBot.app; sourceTree = BUILT_PRODUCTS_DIR; };
		5A0E2DA11E686E2F00C62229 /* AppDelegate.swift */ = {isa = PBXFileReference; lastKnownFileType = sourcecode.swift; path = AppDelegate.swift; sourceTree = "<group>"; };
		5A0E2DA61E686E2F00C62229 /* Base */ = {isa = PBXFileReference; lastKnownFileType = file.storyboard; name = Base; path = Base.lproj/Main.storyboard; sourceTree = "<group>"; };
		5A0E2DA81E686E2F00C62229 /* Assets.xcassets */ = {isa = PBXFileReference; lastKnownFileType = folder.assetcatalog; path = Assets.xcassets; sourceTree = "<group>"; };
		5A0E2DAB1E686E2F00C62229 /* Base */ = {isa = PBXFileReference; lastKnownFileType = file.storyboard; name = Base; path = Base.lproj/LaunchScreen.storyboard; sourceTree = "<group>"; };
		5A0E2DAD1E686E2F00C62229 /* Info.plist */ = {isa = PBXFileReference; lastKnownFileType = text.plist.xml; path = Info.plist; sourceTree = "<group>"; };
		5A0E2DB31E686F1700C62229 /* MessageViewController.swift */ = {isa = PBXFileReference; fileEncoding = 4; lastKnownFileType = sourcecode.swift; path = MessageViewController.swift; sourceTree = "<group>"; };
		5A0E2DB51E6876B300C62229 /* MessageCell.swift */ = {isa = PBXFileReference; fileEncoding = 4; lastKnownFileType = sourcecode.swift; path = MessageCell.swift; sourceTree = "<group>"; };
		5A0E2DB71E6876CF00C62229 /* MessageCell.xib */ = {isa = PBXFileReference; fileEncoding = 4; lastKnownFileType = file.xib; path = MessageCell.xib; sourceTree = "<group>"; };
		5A0E2DBA1E687B8500C62229 /* Message.swift */ = {isa = PBXFileReference; fileEncoding = 4; lastKnownFileType = sourcecode.swift; path = Message.swift; sourceTree = "<group>"; };
		5A0E2DBD1E68BA3200C62229 /* MessageResponse.swift */ = {isa = PBXFileReference; fileEncoding = 4; lastKnownFileType = sourcecode.swift; path = MessageResponse.swift; sourceTree = "<group>"; };
		5A0E2DBF1E68BA6B00C62229 /* MessageInput.swift */ = {isa = PBXFileReference; fileEncoding = 4; lastKnownFileType = sourcecode.swift; path = MessageInput.swift; sourceTree = "<group>"; };
		5A0E2DC11E68BAC500C62229 /* RuntimeIntent.swift */ = {isa = PBXFileReference; fileEncoding = 4; lastKnownFileType = sourcecode.swift; path = RuntimeIntent.swift; sourceTree = "<group>"; };
		5A0E2DC31E68BB5400C62229 /* RuntimeEntity.swift */ = {isa = PBXFileReference; fileEncoding = 4; lastKnownFileType = sourcecode.swift; path = RuntimeEntity.swift; sourceTree = "<group>"; };
		5A0E2DC51E68BBAE00C62229 /* RuntimeContext.swift */ = {isa = PBXFileReference; fileEncoding = 4; lastKnownFileType = sourcecode.swift; path = RuntimeContext.swift; sourceTree = "<group>"; };
		5A0E2DC71E68BC1300C62229 /* RuntimeOutput.swift */ = {isa = PBXFileReference; fileEncoding = 4; lastKnownFileType = sourcecode.swift; path = RuntimeOutput.swift; sourceTree = "<group>"; };
		5A0E2DCA1E68BE6900C62229 /* RuntimeSystemContext.swift */ = {isa = PBXFileReference; fileEncoding = 4; lastKnownFileType = sourcecode.swift; path = RuntimeSystemContext.swift; sourceTree = "<group>"; };
		5A0E2DCC1E68BE8F00C62229 /* RuntimeDialogStack.swift */ = {isa = PBXFileReference; fileEncoding = 4; lastKnownFileType = sourcecode.swift; path = RuntimeDialogStack.swift; sourceTree = "<group>"; };
		5A0E2DCE1E68BEE400C62229 /* RuntimeLogMessage.swift */ = {isa = PBXFileReference; fileEncoding = 4; lastKnownFileType = sourcecode.swift; path = RuntimeLogMessage.swift; sourceTree = "<group>"; };
		80AF3AD1DB90DE2793D8EB3B /* Pods_ChatBot.framework */ = {isa = PBXFileReference; explicitFileType = wrapper.framework; includeInIndex = 0; path = Pods_ChatBot.framework; sourceTree = BUILT_PRODUCTS_DIR; };
		8B0BF0B76AC72411AA31B318 /* Pods-ChatBot.debug.xcconfig */ = {isa = PBXFileReference; includeInIndex = 1; lastKnownFileType = text.xcconfig; name = "Pods-ChatBot.debug.xcconfig"; path = "Pods/Target Support Files/Pods-ChatBot/Pods-ChatBot.debug.xcconfig"; sourceTree = "<group>"; };
		FBC84770F87B0C7C4E28C19A /* Pods-ChatBot.release.xcconfig */ = {isa = PBXFileReference; includeInIndex = 1; lastKnownFileType = text.xcconfig; name = "Pods-ChatBot.release.xcconfig"; path = "Pods/Target Support Files/Pods-ChatBot/Pods-ChatBot.release.xcconfig"; sourceTree = "<group>"; };
/* End PBXFileReference section */

/* Begin PBXFrameworksBuildPhase section */
		5A0E2D9B1E686E2F00C62229 /* Frameworks */ = {
			isa = PBXFrameworksBuildPhase;
			buildActionMask = 2147483647;
			files = (
				CEACFD6DE05E454B00B7C910 /* Pods_ChatBot.framework in Frameworks */,
			);
			runOnlyForDeploymentPostprocessing = 0;
		};
/* End PBXFrameworksBuildPhase section */

/* Begin PBXGroup section */
		1F385FD537AE3D1BE5764925 /* Frameworks */ = {
			isa = PBXGroup;
			children = (
				80AF3AD1DB90DE2793D8EB3B /* Pods_ChatBot.framework */,
			);
			name = Frameworks;
			sourceTree = "<group>";
		};
		5A0E2D951E686E2F00C62229 = {
			isa = PBXGroup;
			children = (
				5A0E2DA01E686E2F00C62229 /* ChatBot */,
				5A0E2D9F1E686E2F00C62229 /* Products */,
				A38DD90893F286C5E8C36A34 /* Pods */,
				1F385FD537AE3D1BE5764925 /* Frameworks */,
			);
			sourceTree = "<group>";
		};
		5A0E2D9F1E686E2F00C62229 /* Products */ = {
			isa = PBXGroup;
			children = (
				5A0E2D9E1E686E2F00C62229 /* ChatBot.app */,
			);
			name = Products;
			sourceTree = "<group>";
		};
		5A0E2DA01E686E2F00C62229 /* ChatBot */ = {
			isa = PBXGroup;
			children = (
				5A0E2DA11E686E2F00C62229 /* AppDelegate.swift */,
				5A0E2DB31E686F1700C62229 /* MessageViewController.swift */,
				5A0E2DBA1E687B8500C62229 /* Message.swift */,
				5A0E2DB51E6876B300C62229 /* MessageCell.swift */,
				5A0E2DB71E6876CF00C62229 /* MessageCell.xib */,
				5A0E2DA51E686E2F00C62229 /* Main.storyboard */,
				5A0E2DA81E686E2F00C62229 /* Assets.xcassets */,
				5A0E2DAA1E686E2F00C62229 /* LaunchScreen.storyboard */,
				5A0E2DAD1E686E2F00C62229 /* Info.plist */,
				5A0E2DC91E68BD4800C62229 /* Watson Models */,
			);
			path = ChatBot;
			sourceTree = "<group>";
		};
		5A0E2DC91E68BD4800C62229 /* Watson Models */ = {
			isa = PBXGroup;
			children = (
				5A0E2DBD1E68BA3200C62229 /* MessageResponse.swift */,
				5A0E2DBF1E68BA6B00C62229 /* MessageInput.swift */,
				5A0E2DC11E68BAC500C62229 /* RuntimeIntent.swift */,
				5A0E2DC31E68BB5400C62229 /* RuntimeEntity.swift */,
				5A0E2DC51E68BBAE00C62229 /* RuntimeContext.swift */,
				5A0E2DC71E68BC1300C62229 /* RuntimeOutput.swift */,
				5A0E2DCA1E68BE6900C62229 /* RuntimeSystemContext.swift */,
				5A0E2DCC1E68BE8F00C62229 /* RuntimeDialogStack.swift */,
				5A0E2DCE1E68BEE400C62229 /* RuntimeLogMessage.swift */,
			);
			name = "Watson Models";
			sourceTree = "<group>";
		};
		A38DD90893F286C5E8C36A34 /* Pods */ = {
			isa = PBXGroup;
			children = (
				8B0BF0B76AC72411AA31B318 /* Pods-ChatBot.debug.xcconfig */,
				FBC84770F87B0C7C4E28C19A /* Pods-ChatBot.release.xcconfig */,
			);
			name = Pods;
			sourceTree = "<group>";
		};
/* End PBXGroup section */

/* Begin PBXNativeTarget section */
		5A0E2D9D1E686E2F00C62229 /* ChatBot */ = {
			isa = PBXNativeTarget;
			buildConfigurationList = 5A0E2DB01E686E2F00C62229 /* Build configuration list for PBXNativeTarget "ChatBot" */;
			buildPhases = (
				2FC7367AFF8503B14FA54046 /* [CP] Check Pods Manifest.lock */,
				5A0E2D9A1E686E2F00C62229 /* Sources */,
				5A0E2D9B1E686E2F00C62229 /* Frameworks */,
				5A0E2D9C1E686E2F00C62229 /* Resources */,
				25C81F3D9E5F527B792CAB48 /* [CP] Embed Pods Frameworks */,
				9E7377E1BB145BF176BCE46B /* [CP] Copy Pods Resources */,
			);
			buildRules = (
			);
			dependencies = (
			);
			name = ChatBot;
			productName = ChatBot;
			productReference = 5A0E2D9E1E686E2F00C62229 /* ChatBot.app */;
			productType = "com.apple.product-type.application";
		};
/* End PBXNativeTarget section */

/* Begin PBXProject section */
		5A0E2D961E686E2F00C62229 /* Project object */ = {
			isa = PBXProject;
			attributes = {
				LastSwiftUpdateCheck = 0820;
				LastUpgradeCheck = 0820;
				ORGANIZATIONNAME = "Kyle Yoon";
				TargetAttributes = {
					5A0E2D9D1E686E2F00C62229 = {
						CreatedOnToolsVersion = 8.2.1;
						ProvisioningStyle = Automatic;
					};
				};
			};
			buildConfigurationList = 5A0E2D991E686E2F00C62229 /* Build configuration list for PBXProject "ChatBot" */;
			compatibilityVersion = "Xcode 3.2";
			developmentRegion = English;
			hasScannedForEncodings = 0;
			knownRegions = (
				en,
				Base,
			);
			mainGroup = 5A0E2D951E686E2F00C62229;
			productRefGroup = 5A0E2D9F1E686E2F00C62229 /* Products */;
			projectDirPath = "";
			projectRoot = "";
			targets = (
				5A0E2D9D1E686E2F00C62229 /* ChatBot */,
			);
		};
/* End PBXProject section */

/* Begin PBXResourcesBuildPhase section */
		5A0E2D9C1E686E2F00C62229 /* Resources */ = {
			isa = PBXResourcesBuildPhase;
			buildActionMask = 2147483647;
			files = (
				5A0E2DAC1E686E2F00C62229 /* LaunchScreen.storyboard in Resources */,
				5A0E2DB81E6876CF00C62229 /* MessageCell.xib in Resources */,
				5A0E2DA91E686E2F00C62229 /* Assets.xcassets in Resources */,
				5A0E2DA71E686E2F00C62229 /* Main.storyboard in Resources */,
			);
			runOnlyForDeploymentPostprocessing = 0;
		};
/* End PBXResourcesBuildPhase section */

/* Begin PBXShellScriptBuildPhase section */
		25C81F3D9E5F527B792CAB48 /* [CP] Embed Pods Frameworks */ = {
			isa = PBXShellScriptBuildPhase;
			buildActionMask = 2147483647;
			files = (
			);
			inputPaths = (
			);
			name = "[CP] Embed Pods Frameworks";
			outputPaths = (
			);
			runOnlyForDeploymentPostprocessing = 0;
			shellPath = /bin/sh;
			shellScript = "\"${SRCROOT}/Pods/Target Support Files/Pods-ChatBot/Pods-ChatBot-frameworks.sh\"\n";
			showEnvVarsInLog = 0;
		};
		2FC7367AFF8503B14FA54046 /* [CP] Check Pods Manifest.lock */ = {
			isa = PBXShellScriptBuildPhase;
			buildActionMask = 2147483647;
			files = (
			);
			inputPaths = (
			);
			name = "[CP] Check Pods Manifest.lock";
			outputPaths = (
			);
			runOnlyForDeploymentPostprocessing = 0;
			shellPath = /bin/sh;
			shellScript = "diff \"${PODS_ROOT}/../Podfile.lock\" \"${PODS_ROOT}/Manifest.lock\" > /dev/null\nif [ $? != 0 ] ; then\n    # print error to STDERR\n    echo \"error: The sandbox is not in sync with the Podfile.lock. Run 'pod install' or update your CocoaPods installation.\" >&2\n    exit 1\nfi\n";
			showEnvVarsInLog = 0;
		};
		9E7377E1BB145BF176BCE46B /* [CP] Copy Pods Resources */ = {
			isa = PBXShellScriptBuildPhase;
			buildActionMask = 2147483647;
			files = (
			);
			inputPaths = (
			);
			name = "[CP] Copy Pods Resources";
			outputPaths = (
			);
			runOnlyForDeploymentPostprocessing = 0;
			shellPath = /bin/sh;
			shellScript = "\"${SRCROOT}/Pods/Target Support Files/Pods-ChatBot/Pods-ChatBot-resources.sh\"\n";
			showEnvVarsInLog = 0;
		};
/* End PBXShellScriptBuildPhase section */

/* Begin PBXSourcesBuildPhase section */
		5A0E2D9A1E686E2F00C62229 /* Sources */ = {
			isa = PBXSourcesBuildPhase;
			buildActionMask = 2147483647;
			files = (
				5A0E2DC61E68BBAE00C62229 /* RuntimeContext.swift in Sources */,
				5A0E2DCD1E68BE8F00C62229 /* RuntimeDialogStack.swift in Sources */,
				5A0E2DBE1E68BA3200C62229 /* MessageResponse.swift in Sources */,
				5A0E2DB61E6876B300C62229 /* MessageCell.swift in Sources */,
				5A0E2DBB1E687B8500C62229 /* Message.swift in Sources */,
				5A0E2DC21E68BAC500C62229 /* RuntimeIntent.swift in Sources */,
				5A0E2DB41E686F1700C62229 /* MessageViewController.swift in Sources */,
				5A0E2DC01E68BA6B00C62229 /* MessageInput.swift in Sources */,
				5A0E2DC81E68BC1300C62229 /* RuntimeOutput.swift in Sources */,
				5A0E2DA21E686E2F00C62229 /* AppDelegate.swift in Sources */,
				5A0E2DC41E68BB5400C62229 /* RuntimeEntity.swift in Sources */,
				5A0E2DCF1E68BEE400C62229 /* RuntimeLogMessage.swift in Sources */,
				5A0E2DCB1E68BE6900C62229 /* RuntimeSystemContext.swift in Sources */,
			);
			runOnlyForDeploymentPostprocessing = 0;
		};
/* End PBXSourcesBuildPhase section */

/* Begin PBXVariantGroup section */
		5A0E2DA51E686E2F00C62229 /* Main.storyboard */ = {
			isa = PBXVariantGroup;
			children = (
				5A0E2DA61E686E2F00C62229 /* Base */,
			);
			name = Main.storyboard;
			sourceTree = "<group>";
		};
		5A0E2DAA1E686E2F00C62229 /* LaunchScreen.storyboard */ = {
			isa = PBXVariantGroup;
			children = (
				5A0E2DAB1E686E2F00C62229 /* Base */,
			);
			name = LaunchScreen.storyboard;
			sourceTree = "<group>";
		};
/* End PBXVariantGroup section */

/* Begin XCBuildConfiguration section */
		5A0E2DAE1E686E2F00C62229 /* Debug */ = {
			isa = XCBuildConfiguration;
			buildSettings = {
				ALWAYS_SEARCH_USER_PATHS = NO;
				CLANG_ANALYZER_NONNULL = YES;
				CLANG_CXX_LANGUAGE_STANDARD = "gnu++0x";
				CLANG_CXX_LIBRARY = "libc++";
				CLANG_ENABLE_MODULES = YES;
				CLANG_ENABLE_OBJC_ARC = YES;
				CLANG_WARN_BOOL_CONVERSION = YES;
				CLANG_WARN_CONSTANT_CONVERSION = YES;
				CLANG_WARN_DIRECT_OBJC_ISA_USAGE = YES_ERROR;
				CLANG_WARN_DOCUMENTATION_COMMENTS = YES;
				CLANG_WARN_EMPTY_BODY = YES;
				CLANG_WARN_ENUM_CONVERSION = YES;
				CLANG_WARN_INFINITE_RECURSION = YES;
				CLANG_WARN_INT_CONVERSION = YES;
				CLANG_WARN_OBJC_ROOT_CLASS = YES_ERROR;
				CLANG_WARN_SUSPICIOUS_MOVE = YES;
				CLANG_WARN_UNREACHABLE_CODE = YES;
				CLANG_WARN__DUPLICATE_METHOD_MATCH = YES;
				"CODE_SIGN_IDENTITY[sdk=iphoneos*]" = "iPhone Developer";
				COPY_PHASE_STRIP = NO;
				DEBUG_INFORMATION_FORMAT = dwarf;
				ENABLE_STRICT_OBJC_MSGSEND = YES;
				ENABLE_TESTABILITY = YES;
				GCC_C_LANGUAGE_STANDARD = gnu99;
				GCC_DYNAMIC_NO_PIC = NO;
				GCC_NO_COMMON_BLOCKS = YES;
				GCC_OPTIMIZATION_LEVEL = 0;
				GCC_PREPROCESSOR_DEFINITIONS = (
					"DEBUG=1",
					"$(inherited)",
				);
				GCC_WARN_64_TO_32_BIT_CONVERSION = YES;
				GCC_WARN_ABOUT_RETURN_TYPE = YES_ERROR;
				GCC_WARN_UNDECLARED_SELECTOR = YES;
				GCC_WARN_UNINITIALIZED_AUTOS = YES_AGGRESSIVE;
				GCC_WARN_UNUSED_FUNCTION = YES;
				GCC_WARN_UNUSED_VARIABLE = YES;
				IPHONEOS_DEPLOYMENT_TARGET = 10.2;
				MTL_ENABLE_DEBUG_INFO = YES;
				ONLY_ACTIVE_ARCH = YES;
				SDKROOT = iphoneos;
				SWIFT_ACTIVE_COMPILATION_CONDITIONS = DEBUG;
				SWIFT_OPTIMIZATION_LEVEL = "-Onone";
			};
			name = Debug;
		};
		5A0E2DAF1E686E2F00C62229 /* Release */ = {
			isa = XCBuildConfiguration;
			buildSettings = {
				ALWAYS_SEARCH_USER_PATHS = NO;
				CLANG_ANALYZER_NONNULL = YES;
				CLANG_CXX_LANGUAGE_STANDARD = "gnu++0x";
				CLANG_CXX_LIBRARY = "libc++";
				CLANG_ENABLE_MODULES = YES;
				CLANG_ENABLE_OBJC_ARC = YES;
				CLANG_WARN_BOOL_CONVERSION = YES;
				CLANG_WARN_CONSTANT_CONVERSION = YES;
				CLANG_WARN_DIRECT_OBJC_ISA_USAGE = YES_ERROR;
				CLANG_WARN_DOCUMENTATION_COMMENTS = YES;
				CLANG_WARN_EMPTY_BODY = YES;
				CLANG_WARN_ENUM_CONVERSION = YES;
				CLANG_WARN_INFINITE_RECURSION = YES;
				CLANG_WARN_INT_CONVERSION = YES;
				CLANG_WARN_OBJC_ROOT_CLASS = YES_ERROR;
				CLANG_WARN_SUSPICIOUS_MOVE = YES;
				CLANG_WARN_UNREACHABLE_CODE = YES;
				CLANG_WARN__DUPLICATE_METHOD_MATCH = YES;
				"CODE_SIGN_IDENTITY[sdk=iphoneos*]" = "iPhone Developer";
				COPY_PHASE_STRIP = NO;
				DEBUG_INFORMATION_FORMAT = "dwarf-with-dsym";
				ENABLE_NS_ASSERTIONS = NO;
				ENABLE_STRICT_OBJC_MSGSEND = YES;
				GCC_C_LANGUAGE_STANDARD = gnu99;
				GCC_NO_COMMON_BLOCKS = YES;
				GCC_WARN_64_TO_32_BIT_CONVERSION = YES;
				GCC_WARN_ABOUT_RETURN_TYPE = YES_ERROR;
				GCC_WARN_UNDECLARED_SELECTOR = YES;
				GCC_WARN_UNINITIALIZED_AUTOS = YES_AGGRESSIVE;
				GCC_WARN_UNUSED_FUNCTION = YES;
				GCC_WARN_UNUSED_VARIABLE = YES;
				IPHONEOS_DEPLOYMENT_TARGET = 10.2;
				MTL_ENABLE_DEBUG_INFO = NO;
				SDKROOT = iphoneos;
				SWIFT_OPTIMIZATION_LEVEL = "-Owholemodule";
				VALIDATE_PRODUCT = YES;
			};
			name = Release;
		};
		5A0E2DB11E686E2F00C62229 /* Debug */ = {
			isa = XCBuildConfiguration;
			baseConfigurationReference = 8B0BF0B76AC72411AA31B318 /* Pods-ChatBot.debug.xcconfig */;
			buildSettings = {
				ASSETCATALOG_COMPILER_APPICON_NAME = AppIcon;
				INFOPLIST_FILE = ChatBot/Info.plist;
				LD_RUNPATH_SEARCH_PATHS = "$(inherited) @executable_path/Frameworks";
				PRODUCT_BUNDLE_IDENTIFIER = com.apps.yoon.ChatBot;
				PRODUCT_NAME = "$(TARGET_NAME)";
				SWIFT_VERSION = 3.0;
			};
			name = Debug;
		};
		5A0E2DB21E686E2F00C62229 /* Release */ = {
			isa = XCBuildConfiguration;
			baseConfigurationReference = FBC84770F87B0C7C4E28C19A /* Pods-ChatBot.release.xcconfig */;
			buildSettings = {
				ASSETCATALOG_COMPILER_APPICON_NAME = AppIcon;
				INFOPLIST_FILE = ChatBot/Info.plist;
				LD_RUNPATH_SEARCH_PATHS = "$(inherited) @executable_path/Frameworks";
				PRODUCT_BUNDLE_IDENTIFIER = com.apps.yoon.ChatBot;
				PRODUCT_NAME = "$(TARGET_NAME)";
				SWIFT_VERSION = 3.0;
			};
			name = Release;
		};
/* End XCBuildConfiguration section */

/* Begin XCConfigurationList section */
		5A0E2D991E686E2F00C62229 /* Build configuration list for PBXProject "ChatBot" */ = {
			isa = XCConfigurationList;
			buildConfigurations = (
				5A0E2DAE1E686E2F00C62229 /* Debug */,
				5A0E2DAF1E686E2F00C62229 /* Release */,
			);
			defaultConfigurationIsVisible = 0;
			defaultConfigurationName = Release;
		};
		5A0E2DB01E686E2F00C62229 /* Build configuration list for PBXNativeTarget "ChatBot" */ = {
			isa = XCConfigurationList;
			buildConfigurations = (
				5A0E2DB11E686E2F00C62229 /* Debug */,
				5A0E2DB21E686E2F00C62229 /* Release */,
			);
			defaultConfigurationIsVisible = 0;
			defaultConfigurationName = Release;
		};
/* End XCConfigurationList section */
	};
	rootObject = 5A0E2D961E686E2F00C62229 /* Project object */;
}
